
Microsoft Visual Studio Solution File, Format Version 12.00
# Visual Studio 2012
Project("{FAE04EC0-301F-11D3-BF4B-00C04F79EFBC}") = "CVentas", "CVentas\CVentas.csproj", "{5023A98D-A978-44BD-92F2-4B5FDD9B254B}"
EndProject
Global
	GlobalSection(SolutionConfigurationPlatforms) = preSolution
		Debug|Any CPU = Debug|Any CPU
		Release|Any CPU = Release|Any CPU
	EndGlobalSection
	GlobalSection(ProjectConfigurationPlatforms) = postSolution
		{5023A98D-A978-44BD-92F2-4B5FDD9B254B}.Debug|Any CPU.ActiveCfg = Debug|Any CPU
		{5023A98D-A978-44BD-92F2-4B5FDD9B254B}.Debug|Any CPU.Build.0 = Debug|Any CPU
		{5023A98D-A978-44BD-92F2-4B5FDD9B254B}.Release|Any CPU.ActiveCfg = Release|Any CPU
		{5023A98D-A978-44BD-92F2-4B5FDD9B254B}.Release|Any CPU.Build.0 = Release|Any CPU
	EndGlobalSection
EndGlobal
